	<Project xmlns="http://schemas.microsoft.com/developer/msbuild/2003">
		<PropertyGroup>
			<ProjectGuid>{38C9D549-B033-42CB-9964-6ED25F7E5655}</ProjectGuid>
			<MainSource>dbunit4delphitest.dpr</MainSource>
			<Base>True</Base>
			<Config Condition="'$(Config)'==''">Debug</Config>
			<TargetedPlatforms>1</TargetedPlatforms>
			<AppType>Application</AppType>
			<FrameworkType>VCL</FrameworkType>
			<ProjectVersion>13.4</ProjectVersion>
			<Platform Condition="'$(Platform)'==''">Win32</Platform>
		</PropertyGroup>
		<PropertyGroup Condition="'$(Config)'=='Base' or '$(Base)'!=''">
			<Base>true</Base>
		</PropertyGroup>
		<PropertyGroup Condition="('$(Platform)'=='Win64' and '$(Base)'=='true') or '$(Base_Win64)'!=''">
			<Base_Win64>true</Base_Win64>
			<CfgParent>Base</CfgParent>
			<Base>true</Base>
		</PropertyGroup>
		<PropertyGroup Condition="('$(Platform)'=='Win32' and '$(Base)'=='true') or '$(Base_Win32)'!=''">
			<Base_Win32>true</Base_Win32>
			<CfgParent>Base</CfgParent>
			<Base>true</Base>
		</PropertyGroup>
		<PropertyGroup Condition="'$(Config)'=='Release' or '$(Cfg_1)'!=''">
			<Cfg_1>true</Cfg_1>
			<CfgParent>Base</CfgParent>
			<Base>true</Base>
		</PropertyGroup>
		<PropertyGroup Condition="'$(Config)'=='Debug' or '$(Cfg_2)'!=''">
			<Cfg_2>true</Cfg_2>
			<CfgParent>Base</CfgParent>
			<Base>true</Base>
		</PropertyGroup>
		<PropertyGroup Condition="('$(Platform)'=='Win32' and '$(Cfg_2)'=='true') or '$(Cfg_2_Win32)'!=''">
			<Cfg_2_Win32>true</Cfg_2_Win32>
			<CfgParent>Cfg_2</CfgParent>
			<Cfg_2>true</Cfg_2>
			<Base>true</Base>
		</PropertyGroup>
		<PropertyGroup Condition="'$(Base)'!=''">
			<Manifest_File>None</Manifest_File>
			<Icon_MainIcon>dbunit4delphitest_Icon.ico</Icon_MainIcon>
			<ImageDebugInfo>true</ImageDebugInfo>
			<DCC_DebugDCUs>true</DCC_DebugDCUs>
			<DCC_ExeOutput>..\bin</DCC_ExeOutput>
			<DCC_DebugInfoInExe>true</DCC_DebugInfoInExe>
			<DCC_DcuOutput>.\$(Platform)\$(Config)</DCC_DcuOutput>
			<VerInfo_Locale>1046</VerInfo_Locale>
			<DCC_GenerateStackFrames>true</DCC_GenerateStackFrames>
			<DCC_UnitSearchPath>..\lib\dunit-extension\src;$(DCC_UnitSearchPath)</DCC_UnitSearchPath>
			<DCC_K>false</DCC_K>
			<VerInfo_IncludeVerInfo>true</VerInfo_IncludeVerInfo>
			<DCC_SymbolReferenceInfo>1</DCC_SymbolReferenceInfo>
			<DCC_F>false</DCC_F>
			<DCC_S>false</DCC_S>
			<DCC_Optimize>false</DCC_Optimize>
			<DCC_E>false</DCC_E>
			<DebugSourcePath>..\src;..\src\database;..\src\database\operation;..\src\logger;..\src\statement;..\src\testcase;..\src\database\dbx;..\lib\DUnit\src;..\lib\DUnit-Extension\src;..\lib\FastMM;$(DebugSourcePath)</DebugSourcePath>
			<DCC_N>true</DCC_N>
			<DCC_UsePackage>vcl;rtl;vclx;indy;inet;xmlrtl;vclie;inetdbbde;inetdbxpress;dbrtl;dsnap;dsnapcon;vcldb;soaprtl;VclSmp;dbexpress;dbxcds;inetdb;bdertl;vcldbx;webdsnap;websnap;adortl;ibxpress;teeui;teedb;tee;dss;visualclx;visualdbclx;vclactnband;vclshlctrls;IntrawebDB_50_70;Intraweb_50_70;Rave50CLX;Rave50VCL;dclOfficeXP;$(DCC_UsePackage)</DCC_UsePackage>
			<DCC_Namespace>Vcl;Vcl.Imaging;Vcl.Touch;Vcl.Samples;Vcl.Shell;System;Xml;Data;Datasnap;Web;Soap;Winapi;DSharp.Bindings;$(DCC_Namespace)</DCC_Namespace>
			<DCC_ImageBase>00400000</DCC_ImageBase>
			<DCC_MapFile>3</DCC_MapFile>
			<VerInfo_Keys>CompanyName=;FileDescription=;FileVersion=1.0.0.19;InternalName=;LegalCopyright=;LegalTrademarks=;OriginalFilename=;ProductName=;ProductVersion=1.0.0.0;Comments=</VerInfo_Keys>
			<VerInfo_Build>19</VerInfo_Build>
		</PropertyGroup>
		<PropertyGroup Condition="'$(Base_Win64)'!=''">
			<Icon_MainIcon>dbunit4delphitest_Icon.ico</Icon_MainIcon>
		</PropertyGroup>
		<PropertyGroup Condition="'$(Base_Win32)'!=''">
			<Manifest_File>$(BDS)\bin\default_app.manifest</Manifest_File>
			<VerInfo_Locale>1033</VerInfo_Locale>
			<VerInfo_IncludeVerInfo>true</VerInfo_IncludeVerInfo>
			<Icon_MainIcon>dbunit4delphitest_Icon.ico</Icon_MainIcon>
			<VerInfo_Keys>CompanyName=;FileDescription=;FileVersion=1.0.0.0;InternalName=;LegalCopyright=;LegalTrademarks=;OriginalFilename=;ProductName=;ProductVersion=1.0.0.0;Comments=</VerInfo_Keys>
			<DCC_Namespace>System.Win;Data.Win;Datasnap.Win;Web.Win;Soap.Win;Xml.Win;Bde;$(DCC_Namespace)</DCC_Namespace>
		</PropertyGroup>
		<PropertyGroup Condition="'$(Cfg_1)'!=''">
			<DCC_SymbolReferenceInfo>0</DCC_SymbolReferenceInfo>
			<DCC_DebugInformation>false</DCC_DebugInformation>
			<DCC_Define>RELEASE;$(DCC_Define)</DCC_Define>
			<DCC_LocalDebugSymbols>false</DCC_LocalDebugSymbols>
		</PropertyGroup>
		<PropertyGroup Condition="'$(Cfg_2)'!=''">
			<DCC_Define>DEBUG;$(DCC_Define)</DCC_Define>
		</PropertyGroup>
		<PropertyGroup Condition="'$(Cfg_2_Win32)'!=''">
			<Manifest_File>$(BDS)\bin\default_app.manifest</Manifest_File>
			<VerInfo_Locale>1033</VerInfo_Locale>
			<VerInfo_Keys>CompanyName=;FileDescription=;FileVersion=1.0.0.0;InternalName=;LegalCopyright=;LegalTrademarks=;OriginalFilename=;ProductName=;ProductVersion=1.0.0.0;Comments=</VerInfo_Keys>
		</PropertyGroup>
		<ItemGroup>
			<DelphiCompile Include="$(MainSource)">
				<MainSource>MainSource</MainSource>
			</DelphiCompile>
			<DCCReference Include="tests\TestFormatter.pas"/>
			<DCCReference Include="tests\TestStatementBuilder.pas"/>
			<DCCReference Include="tests\TestDatabaseConnection.pas"/>
			<DCCReference Include="tests\TestDatabaseConnectionDBX.pas"/>
			<DCCReference Include="stubs\StubDatabaseConfig.pas"/>
			<DCCReference Include="stubs\StubDatabaseConfigDBX.pas"/>
			<DCCReference Include="tests\TestXmlDatasetReader.pas"/>
			<DCCReference Include="tests\SampleDBTestCase.pas"/>
			<DCCReference Include="tests\TestDataSetIterator.pas"/>
			<DCCReference Include="tests\TestXmlDataSet.pas"/>
			<DCCReference Include="tests\TestDataSetListBuilder.pas"/>
			<DCCReference Include="mocks\MockDataSet.pas"/>
			<DCCReference Include="tests\TestDAtaSetDecorator.pas"/>
			<DCCReference Include="mocks\MockDatabaseConnection.pas"/>
			<DCCReference Include="stubs\StubDataset.pas"/>
			<DCCReference Include="tests\TestInsertOperation.pas"/>
			<DCCReference Include="TestResources.pas"/>
			<DCCReference Include="TestUtils.pas"/>
			<DCCReference Include="tests\TestDeleteOperation.pas"/>
			<DCCReference Include="tests\TestUpdateOperation.pas"/>
			<DCCReference Include="mocks\MockXmlValidator.pas"/>
			<DCCReference Include="tests\TestCompositeOperation.pas"/>
			<DCCReference Include="mocks\MockDatabaseOperation.pas"/>
			<DCCReference Include="tests\TestRefreshOperation.pas"/>
			<DCCReference Include="tests\TestMockObjects.pas"/>
			<DCCReference Include="tests\TestExportDataSet.pas"/>
			<DCCReference Include="tests\TesteMetadata.pas"/>
			<DCCReference Include="..\src\testcase\DBTestCase.pas"/>
			<DCCReference Include="..\src\Exceptions.pas"/>
			<DCCReference Include="..\src\Formatter.pas"/>
			<DCCReference Include="..\src\database\DatabaseConfig.pas"/>
			<DCCReference Include="..\src\database\DatabaseConnection.pas"/>
			<DCCReference Include="..\src\database\DatabaseConnectionFactory.pas"/>
			<DCCReference Include="..\src\database\DatabaseConnectionType.pas"/>
			<DCCReference Include="..\src\database\DataSet.pas"/>
			<DCCReference Include="..\src\database\DataSetDecorator.pas"/>
			<DCCReference Include="..\src\database\DataSetIterator.pas"/>
			<DCCReference Include="..\src\database\DataSetListBuilder.pas"/>
			<DCCReference Include="..\src\database\ExportDataSet.pas"/>
			<DCCReference Include="..\src\database\Field.pas"/>
			<DCCReference Include="..\src\database\FlatXmlDataSet.pas"/>
			<DCCReference Include="..\src\database\Query.pas"/>
			<DCCReference Include="..\src\database\Table.pas"/>
			<DCCReference Include="..\src\database\XmlClientDataSet.pas"/>
			<DCCReference Include="..\src\database\dbx\DatabaseConfigDBX.pas"/>
			<DCCReference Include="..\src\database\dbx\DatabaseConnectionDBX.pas"/>
			<DCCReference Include="..\src\database\dbx\QueryDBX.pas"/>
			<DCCReference Include="..\src\database\operation\CompositeOperation.pas"/>
			<DCCReference Include="..\src\database\operation\DatabaseOperation.pas"/>
			<DCCReference Include="..\src\database\operation\DeleteAllOperation.pas"/>
			<DCCReference Include="..\src\database\operation\DeleteOperation.pas"/>
			<DCCReference Include="..\src\database\operation\InsertOperation.pas"/>
			<DCCReference Include="..\src\database\operation\NoneOperation.pas"/>
			<DCCReference Include="..\src\database\operation\RefreshOperation.pas"/>
			<DCCReference Include="..\src\database\operation\UpdateOperation.pas"/>
			<DCCReference Include="..\src\statement\CustomStatementBuilder.pas"/>
			<DCCReference Include="..\src\statement\Statement.pas"/>
			<DCCReference Include="..\src\statement\StatementBuilder.pas"/>
			<DCCReference Include="..\src\statement\StatementBuilderIntf.pas"/>
			<DCCReference Include="..\src\statement\StatementDeleteBuilder.pas"/>
			<DCCReference Include="..\src\statement\StatementInsertBuilder.pas"/>
			<DCCReference Include="..\src\statement\StatementSelectBuilder.pas"/>
			<DCCReference Include="..\src\statement\StatementUpdateBuilder.pas"/>
			<DCCReference Include="..\src\xml\XmlDatasetReader.pas"/>
			<DCCReference Include="..\src\xml\XMLDomParseError.pas"/>
			<DCCReference Include="..\src\xml\XmlValidator.pas"/>
			<BuildConfiguration Include="Debug">
				<Key>Cfg_2</Key>
				<CfgParent>Base</CfgParent>
			</BuildConfiguration>
			<BuildConfiguration Include="Base">
				<Key>Base</Key>
			</BuildConfiguration>
			<BuildConfiguration Include="Release">
				<Key>Cfg_1</Key>
				<CfgParent>Base</CfgParent>
			</BuildConfiguration>
		</ItemGroup>
		<ProjectExtensions>
			<Borland.Personality>Delphi.Personality.12</Borland.Personality>
			<Borland.ProjectType/>
			<BorlandProject>
				<Delphi.Personality>
					<Source>
						<Source Name="MainSource">dbunit4delphitest.dpr</Source>
					</Source>
					<VersionInfo>
						<VersionInfo Name="IncludeVerInfo">True</VersionInfo>
						<VersionInfo Name="AutoIncBuild">False</VersionInfo>
						<VersionInfo Name="MajorVer">1</VersionInfo>
						<VersionInfo Name="MinorVer">0</VersionInfo>
						<VersionInfo Name="Release">0</VersionInfo>
						<VersionInfo Name="Build">19</VersionInfo>
						<VersionInfo Name="Debug">False</VersionInfo>
						<VersionInfo Name="PreRelease">False</VersionInfo>
						<VersionInfo Name="Special">False</VersionInfo>
						<VersionInfo Name="Private">False</VersionInfo>
						<VersionInfo Name="DLL">False</VersionInfo>
						<VersionInfo Name="Locale">1046</VersionInfo>
						<VersionInfo Name="CodePage">1252</VersionInfo>
					</VersionInfo>
					<VersionInfoKeys>
						<VersionInfoKeys Name="CompanyName"/>
						<VersionInfoKeys Name="FileDescription"/>
						<VersionInfoKeys Name="FileVersion">1.0.0.19</VersionInfoKeys>
						<VersionInfoKeys Name="InternalName"/>
						<VersionInfoKeys Name="LegalCopyright"/>
						<VersionInfoKeys Name="LegalTrademarks"/>
						<VersionInfoKeys Name="OriginalFilename"/>
						<VersionInfoKeys Name="ProductName"/>
						<VersionInfoKeys Name="ProductVersion">1.0.0.0</VersionInfoKeys>
						<VersionInfoKeys Name="Comments"/>
					</VersionInfoKeys>
					<Excluded_Packages>
						<Excluded_Packages Name="C:\Program Files (x86)\FastReports\LibD16\dclfs16.bpl">File C:\Program Files (x86)\FastReports\LibD16\dclfs16.bpl not found</Excluded_Packages>
						<Excluded_Packages Name="C:\Program Files (x86)\FastReports\LibD16\dclfrx16.bpl">File C:\Program Files (x86)\FastReports\LibD16\dclfrx16.bpl not found</Excluded_Packages>
						<Excluded_Packages Name="C:\Program Files (x86)\FastReports\LibD16\dclfsDB16.bpl">File C:\Program Files (x86)\FastReports\LibD16\dclfsDB16.bpl not found</Excluded_Packages>
						<Excluded_Packages Name="C:\Program Files (x86)\FastReports\LibD16\dclfrxDB16.bpl">File C:\Program Files (x86)\FastReports\LibD16\dclfrxDB16.bpl not found</Excluded_Packages>
						<Excluded_Packages Name="C:\Program Files (x86)\FastReports\LibD16\dclfrxe16.bpl">File C:\Program Files (x86)\FastReports\LibD16\dclfrxe16.bpl not found</Excluded_Packages>
						<Excluded_Packages Name="C:\Program Files (x86)\Raize\CS5\Bin\CodeSiteExpressPkg_Design160.bpl">File C:\Program Files (x86)\Raize\CS5\Bin\CodeSiteExpressPkg_Design160.bpl not found</Excluded_Packages>
						<Excluded_Packages Name="$(BDSBIN)\dclIPIndyImpl160.bpl">IP Abstraction Indy Implementation Design Time</Excluded_Packages>
						<Excluded_Packages Name="$(BDSBIN)\bcboffice2k160.bpl">Embarcadero C++Builder Office 2000 Servers Package</Excluded_Packages>
						<Excluded_Packages Name="$(BDSBIN)\bcbofficexp160.bpl">Embarcadero C++Builder Office XP Servers Package</Excluded_Packages>
						<Excluded_Packages Name="$(BDSBIN)\dcloffice2k160.bpl">Microsoft Office 2000 Sample Automation Server Wrapper Components</Excluded_Packages>
					</Excluded_Packages>
				</Delphi.Personality>
				<Platforms>
					<Platform value="Win64">False</Platform>
					<Platform value="Win32">True</Platform>
				</Platforms>
			</BorlandProject>
			<ProjectFileVersion>12</ProjectFileVersion>
		</ProjectExtensions>
		<Import Condition="Exists('$(BDS)\Bin\CodeGear.Delphi.Targets')" Project="$(BDS)\Bin\CodeGear.Delphi.Targets"/>
		<Import Condition="Exists('$(APPDATA)\Embarcadero\$(BDSAPPDATABASEDIR)\$(PRODUCTVERSION)\UserTools.proj')" Project="$(APPDATA)\Embarcadero\$(BDSAPPDATABASEDIR)\$(PRODUCTVERSION)\UserTools.proj"/>
	</Project>
